dependencies:
- name: memcached
  repository: https://kubernetes-charts.storage.googleapis.com/
  version: 3.2.3
- name: memcached
  repository: https://kubernetes-charts.storage.googleapis.com/
  version: 3.2.3
- name: memcached
  repository: https://kubernetes-charts.storage.googleapis.com/
  version: 3.2.3
- name: memcached
  repository: https://kubernetes-charts.storage.googleapis.com/
  version: 3.2.3
digest: sha256:14f73b847e3a5e7dfc7bb3190dd11a260518a57db10da55b04b962d07e3a8f81
generated: "2020-08-18T16:49:50.846146+09:00"
